GIT
  remote: git://github.com/fnichol/chef-rvm.git
  ref: v0.9.0
  sha: 4a408e5d6c5a52c37388a799c516430263339849
  specs:
    rvm (0.9.0)

GIT
  remote: git://github.com/opscode-cookbooks/apt.git
  ref: 1.7.0
  sha: ea834265247cc8b507ac37ab3a34a9b44ed27a11
  specs:
    apt (1.7.0)

DEPENDENCIES
  apt (>= 0)
  rvm (>= 0)

